{
  "lockfile_version": "1",
  "packages": {
    "poetry@latest": {
      "last_modified": "2025-11-26T06:22:50Z",
      "plugin_version": "0.0.4",
      "resolved": "github:NixOS/nixpkgs/bb813de6d2241bcb1b5af2d3059f560c66329967#poetry",
      "source": "devbox-search",
      "version": "2.2.1",
      "systems": {
        "aarch64-darwin": {
          "outputs": [
            {
              "name": "out",
              "path": "/nix/store/sfsxq068qvwpq7vwb0743m7isk7mbhwv-python3.13-poetry-2.2.1",
              "default": true
            },
            {
              "name": "dist",
              "path": "/nix/store/4yfah728gxi2p5gmn5mb5civh5cd3pi7-python3.13-poetry-2.2.1-dist"
            }
          ],
          "store_path": "/nix/store/sfsxq068qvwpq7vwb0743m7isk7mbhwv-python3.13-poetry-2.2.1"
        },
        "aarch64-linux": {
          "outputs": [
            {
              "name": "out",
              "path": "/nix/store/jaah5kv576z0i6sl8zcjxwnd1nf8xhqm-python3.13-poetry-2.2.1",
              "default": true
            },
            {
              "name": "dist",
              "path": "/nix/store/jn3mq4ccbvpnhgiki3n9q2pl3wsllhzr-python3.13-poetry-2.2.1-dist"
            }
          ],
          "store_path": "/nix/store/jaah5kv576z0i6sl8zcjxwnd1nf8xhqm-python3.13-poetry-2.2.1"
        },
        "x86_64-darwin": {
          "outputs": [
            {
              "name": "out",
              "path": "/nix/store/aj5kr9p7d7skbacqkk949yk1s9axxka2-python3.13-poetry-2.2.1",
              "default": true
            },
            {
              "name": "dist",
              "path": "/nix/store/w6ipm3dpg44xcfks78n2iqdg5mq51n4d-python3.13-poetry-2.2.1-dist"
            }
          ],
          "store_path": "/nix/store/aj5kr9p7d7skbacqkk949yk1s9axxka2-python3.13-poetry-2.2.1"
        },
        "x86_64-linux": {
          "outputs": [
            {
              "name": "out",
              "path": "/nix/store/jgi0jzxlm08qk7vnx1w3wmhyn4cchf47-python3.13-poetry-2.2.1",
              "default": true
            },
            {
              "name": "dist",
              "path": "/nix/store/mmhq14nsa1vqkw4rqr7lcbhvih3fm4nk-python3.13-poetry-2.2.1-dist"
            }
          ],
          "store_path": "/nix/store/jgi0jzxlm08qk7vnx1w3wmhyn4cchf47-python3.13-poetry-2.2.1"
        }
      }
    },
    "python310@latest": {
      "last_modified": "2025-12-31T03:27:36Z",
      "plugin_version": "0.0.3",
      "resolved": "github:NixOS/nixpkgs/f665af0cdb70ed27e1bd8f9fdfecaf451260fc55#python310",
      "source": "devbox-search",
      "version": "3.10.19",
      "systems": {
        "aarch64-darwin": {
          "outputs": [
            {
              "name": "out",
              "path": "/nix/store/4i4ikqlpn670bp2yzylr7n322v2iwi57-python3-3.10.19",
              "default": true
            }
          ],
          "store_path": "/nix/store/4i4ikqlpn670bp2yzylr7n322v2iwi57-python3-3.10.19"
        },
        "aarch64-linux": {
          "outputs": [
            {
              "name": "out",
              "path": "/nix/store/xhs6pvsl1l7y1ggjgip342p1qjq8mf9g-python3-3.10.19",
              "default": true
            },
            {
              "name": "debug",
              "path": "/nix/store/a1xxlx8sk0zkyn0cnnr90r5sn803phsd-python3-3.10.19-debug"
            }
          ],
          "store_path": "/nix/store/xhs6pvsl1l7y1ggjgip342p1qjq8mf9g-python3-3.10.19"
        },
        "x86_64-darwin": {
          "outputs": [
            {
              "name": "out",
              "path": "/nix/store/ar9wxs9d058k2vnmnlmdq17n9yydxip1-python3-3.10.19",
              "default": true
            }
          ],
          "store_path": "/nix/store/ar9wxs9d058k2vnmnlmdq17n9yydxip1-python3-3.10.19"
        },
        "x86_64-linux": {
          "outputs": [
            {
              "name": "out",
              "path": "/nix/store/hjsb7k7is6hncr5xvkanv2wqq07zmq9r-python3-3.10.19",
              "default": true
            },
            {
              "name": "debug",
              "path": "/nix/store/2scadhv3wpx6qmjgrwwv4ycnilmg6bp2-python3-3.10.19-debug"
            }
          ],
          "store_path": "/nix/store/hjsb7k7is6hncr5xvkanv2wqq07zmq9r-python3-3.10.19"
        }
      }
    }
  }
}
